{
  "name": "@celo/celocli",
  "version": "1.6.3-beta.1",
  "lockfileVersion": 1,
  "requires": true,
  "dependencies": {
    "@celo/base": {
      "version": "2.1.0"
    },
    "@celo/connect": {
      "version": "2.1.0",
      "requires": {
        "@celo/utils": "2.1.0"
      }
    },
    "@celo/contractkit": {
      "version": "2.1.0",
      "requires": {
        "@celo/base": "2.1.0",
        "@celo/connect": "2.1.0",
        "@celo/utils": "2.1.0",
        "@celo/wallet-local": "2.1.0",
        "@types/bn.js": "^5.1.0"
      }
    },
    "@celo/cryptographic-utils": {
      "version": "2.1.0",
      "requires": {
        "@celo/base": "2.1.0",
        "@celo/utils": "2.1.0",
        "@types/bn.js": "^5.1.0",
        "@types/node": "^10.12.18",
        "bip32": "^2.0.6"
      },
      "dependencies": {
        "bip32": {
          "version": "2.0.6",
          "requires": {
            "@types/node": "10.12.18"
          },
          "dependencies": {
            "@types/node": {
              "version": "10.12.18"
            }
          }
        }
      }
    },
    "@celo/explorer": {
      "version": "2.1.0",
      "requires": {
        "@celo/base": "2.1.0",
        "@celo/connect": "2.1.0",
        "@celo/contractkit": "2.1.0",
        "@celo/utils": "2.1.0"
      }
    },
    "@celo/governance": {
      "version": "2.1.0",
      "requires": {
        "@celo/base": "2.1.0",
        "@celo/connect": "2.1.0",
        "@celo/contractkit": "2.1.0",
        "@celo/explorer": "2.1.0",
        "@celo/utils": "2.1.0",
        "inquirer": "^7.0.5"
      }
    },
    "@celo/identity": {
      "version": "2.1.0",
      "requires": {
        "@celo/base": "2.1.0",
        "@celo/contractkit": "2.1.0",
        "@celo/utils": "2.1.0"
      }
    },
    "@celo/phone-utils": {
      "version": "2.1.0",
      "requires": {
        "@celo/base": "2.1.0",
        "@celo/utils": "2.1.0",
        "@types/node": "^10.12.18"
      }
    },
    "@celo/utils": {
      "version": "2.1.0",
      "requires": {
        "@celo/base": "2.1.0",
        "@types/bn.js": "^5.1.0",
        "@types/node": "^10.12.18"
      }
    },
    "@celo/wallet-base": {
      "version": "2.1.0",
      "requires": {
        "@celo/base": "2.1.0",
        "@celo/connect": "2.1.0",
        "@celo/utils": "2.1.0"
      }
    },
    "@celo/wallet-hsm": {
      "version": "2.1.0",
      "requires": {
        "@celo/base": "2.1.0",
        "secp256k1": "^4.0.0"
      }
    },
    "@celo/wallet-hsm-azure": {
      "version": "2.1.0",
      "requires": {
        "@celo/connect": "2.1.0",
        "@celo/utils": "2.1.0",
        "@celo/wallet-base": "2.1.0",
        "@celo/wallet-hsm": "2.1.0",
        "@celo/wallet-remote": "2.1.0",
        "secp256k1": "^4.0.0"
      }
    },
    "@celo/wallet-ledger": {
      "version": "2.1.0",
      "requires": {
        "@celo/connect": "2.1.0",
        "@celo/utils": "2.1.0",
        "@celo/wallet-base": "2.1.0",
        "@celo/wallet-remote": "2.1.0"
      }
    },
    "@celo/wallet-local": {
      "version": "2.1.0",
      "requires": {
        "@celo/connect": "2.1.0",
        "@celo/utils": "2.1.0",
        "@celo/wallet-base": "2.1.0"
      }
    },
    "@celo/wallet-remote": {
      "version": "2.1.0",
      "requires": {
        "@celo/connect": "2.1.0",
        "@celo/utils": "2.1.0",
        "@celo/wallet-base": "2.1.0"
      }
    },
    "@oclif/plugin-help": {
      "version": "1.2.11",
      "requires": {
        "widest-line": "^2.0.0",
        "wrap-ansi": "^3.0.1"
      }
    },
    "@types/bn.js": {
      "version": "5.1.0",
      "requires": {
        "@types/node": "*"
      },
      "dependencies": {
        "@types/node": {
          "version": "14.0.20"
        }
      }
    },
    "@types/node": {
      "version": "10.14.10"
    },
    "ansi-escapes": {
      "version": "4.3.1",
      "requires": {
        "type-fest": "^0.11.0"
      }
    },
    "ansi-regex": {
      "version": "3.0.0"
    },
    "cli-cursor": {
      "version": "3.1.0",
      "requires": {
        "restore-cursor": "^3.1.0"
      }
    },
    "cli-width": {
      "version": "3.0.0"
    },
    "figures": {
      "version": "3.1.0"
    },
    "inquirer": {
      "version": "7.3.3",
      "requires": {
        "ansi-escapes": "^4.2.1",
        "chalk": "^4.1.0",
        "cli-cursor": "^3.1.0",
        "cli-width": "^3.0.0",
        "figures": "^3.0.0",
        "mute-stream": "0.0.8",
        "string-width": "^4.1.0",
        "strip-ansi": "^6.0.0"
      },
      "dependencies": {
        "ansi-regex": {
          "version": "5.0.0"
        },
        "chalk": {
          "version": "4.1.0"
        },
        "string-width": {
          "version": "4.2.0",
          "requires": {
            "is-fullwidth-code-point": "^3.0.0",
            "strip-ansi": "^6.0.0"
          }
        },
        "strip-ansi": {
          "version": "6.0.0",
          "requires": {
            "ansi-regex": "^5.0.0"
          }
        }
      }
    },
    "is-fullwidth-code-point": {
      "version": "3.0.0"
    },
    "mute-stream": {
      "version": "0.0.8"
    },
    "node-gyp-build": {
      "version": "4.2.3"
    },
    "restore-cursor": {
      "version": "3.1.0"
    },
    "secp256k1": {
      "version": "4.0.2",
      "requires": {
        "node-gyp-build": "^4.2.0"
      }
    },
    "strip-ansi": {
      "version": "4.0.0",
      "requires": {
        "ansi-regex": "^3.0.0"
      }
    },
    "type-fest": {
      "version": "0.11.0"
    },
    "widest-line": {
      "version": "2.0.1"
    },
    "wrap-ansi": {
      "version": "3.0.1",
      "requires": {
        "strip-ansi": "^4.0.0"
      }
    }
  }
}
